
Microsoft Visual Studio Solution File, Format Version 12.00
# Visual Studio Version 17
VisualStudioVersion = 17.11.35303.130
MinimumVisualStudioVersion = 10.0.40219.1
Project("{FAE04EC0-301F-11D3-BF4B-00C04F79EFBC}") = "Let's Test", "Let's Test.csproj", "{2D4F53F2-8961-439C-9D8A-D78B248ED08F}"
EndProject
Global
	GlobalSection(SolutionConfigurationPlatforms) = preSolution
		Debug|Any CPU = Debug|Any CPU
		Release|Any CPU = Release|Any CPU
	EndGlobalSection
	GlobalSection(ProjectConfigurationPlatforms) = postSolution
		{2D4F53F2-8961-439C-9D8A-D78B248ED08F}.Debug|Any CPU.ActiveCfg = Debug|Any CPU
		{2D4F53F2-8961-439C-9D8A-D78B248ED08F}.Debug|Any CPU.Build.0 = Debug|Any CPU
		{2D4F53F2-8961-439C-9D8A-D78B248ED08F}.Release|Any CPU.ActiveCfg = Release|Any CPU
		{2D4F53F2-8961-439C-9D8A-D78B248ED08F}.Release|Any CPU.Build.0 = Release|Any CPU
	EndGlobalSection
	GlobalSection(SolutionProperties) = preSolution
		HideSolutionNode = FALSE
	EndGlobalSection
	GlobalSection(ExtensibilityGlobals) = postSolution
		SolutionGuid = {A234DD95-010B-4AF7-9E4C-7AC9E6D056BC}
	EndGlobalSection
EndGlobal
